Microsoft Visual Studio Solution File, Format Version 12.00
# Visual Studio 2012
Project("{FAE04EC0-301F-11D3-BF4B-00C04F79EFBC}") = "Stundenzettel", "Stundenzettel.csproj", "{F6879BD4-05C0-45A7-9852-B3EC7AC3A5DB}"
EndProject
Global
	GlobalSection(SolutionConfigurationPlatforms) = preSolution
	Debug|Any CPU = Debug|Any CPU
	ExportDebug|Any CPU = ExportDebug|Any CPU
	ExportRelease|Any CPU = ExportRelease|Any CPU
	EndGlobalSection
	GlobalSection(ProjectConfigurationPlatforms) = postSolution
		{F6879BD4-05C0-45A7-9852-B3EC7AC3A5DB}.Debug|Any CPU.ActiveCfg = Debug|Any CPU
		{F6879BD4-05C0-45A7-9852-B3EC7AC3A5DB}.Debug|Any CPU.Build.0 = Debug|Any CPU
		{F6879BD4-05C0-45A7-9852-B3EC7AC3A5DB}.ExportDebug|Any CPU.ActiveCfg = ExportDebug|Any CPU
		{F6879BD4-05C0-45A7-9852-B3EC7AC3A5DB}.ExportDebug|Any CPU.Build.0 = ExportDebug|Any CPU
		{F6879BD4-05C0-45A7-9852-B3EC7AC3A5DB}.ExportRelease|Any CPU.ActiveCfg = ExportRelease|Any CPU
		{F6879BD4-05C0-45A7-9852-B3EC7AC3A5DB}.ExportRelease|Any CPU.Build.0 = ExportRelease|Any CPU
	EndGlobalSection
EndGlobal
